
Microsoft Visual Studio Solution File, Format Version 12.00
# Visual Studio Version 17
VisualStudioVersion = 17.11.35312.102
MinimumVisualStudioVersion = 10.0.40219.1
Project("{D2ABAB84-BF74-430A-B69E-9DC6D40DDA17}") = "ProyectoMultidimensional_Horror_Movies", "ProyectoMultidimensional_Horror_Movies.dwproj", "{FA22499D-9E15-42C0-BA4C-EC0674062EFA}"
EndProject
Global
	GlobalSection(SolutionConfigurationPlatforms) = preSolution
		Development|Default = Development|Default
	EndGlobalSection
	GlobalSection(ProjectConfigurationPlatforms) = postSolution
		{FA22499D-9E15-42C0-BA4C-EC0674062EFA}.Development|Default.ActiveCfg = Development
		{FA22499D-9E15-42C0-BA4C-EC0674062EFA}.Development|Default.Build.0 = Development
		{FA22499D-9E15-42C0-BA4C-EC0674062EFA}.Development|Default.Deploy.0 = Development
	EndGlobalSection
	GlobalSection(SolutionProperties) = preSolution
		HideSolutionNode = FALSE
	EndGlobalSection
	GlobalSection(ExtensibilityGlobals) = postSolution
		SolutionGuid = {456C9724-4A1F-4B83-96F6-20355A4D0855}
	EndGlobalSection
EndGlobal
